
Microsoft Visual Studio Solution File, Format Version 12.00
# Visual Studio 15
VisualStudioVersion = 15.0.28307.902
MinimumVisualStudioVersion = 10.0.40219.1
Project("{8BC9CEB8-8B4A-11D0-8D11-00A0C91BC942}") = "Client", "Client\Client.vcxproj", "{3AFE3410-3F38-4F48-90A9-546CA8610BE8}"
EndProject
Global
	GlobalSection(SolutionConfigurationPlatforms) = preSolution
		Debug|x64 = Debug|x64
		Debug|x86 = Debug|x86
		Release|x64 = Release|x64
		Release|x86 = Release|x86
	EndGlobalSection
	GlobalSection(ProjectConfigurationPlatforms) = postSolution
		{3AFE3410-3F38-4F48-90A9-546CA8610BE8}.Debug|x64.ActiveCfg = Debug|x64
		{3AFE3410-3F38-4F48-90A9-546CA8610BE8}.Debug|x64.Build.0 = Debug|x64
		{3AFE3410-3F38-4F48-90A9-546CA8610BE8}.Debug|x86.ActiveCfg = Debug|Win32
		{3AFE3410-3F38-4F48-90A9-546CA8610BE8}.Debug|x86.Build.0 = Debug|Win32
		{3AFE3410-3F38-4F48-90A9-546CA8610BE8}.Release|x64.ActiveCfg = Release|x64
		{3AFE3410-3F38-4F48-90A9-546CA8610BE8}.Release|x64.Build.0 = Release|x64
		{3AFE3410-3F38-4F48-90A9-546CA8610BE8}.Release|x86.ActiveCfg = Release|Win32
		{3AFE3410-3F38-4F48-90A9-546CA8610BE8}.Release|x86.Build.0 = Release|Win32
	EndGlobalSection
	GlobalSection(SolutionProperties) = preSolution
		HideSolutionNode = FALSE
	EndGlobalSection
	GlobalSection(ExtensibilityGlobals) = postSolution
		SolutionGuid = {D1E89468-7B8C-4433-B841-114FA692F4DB}
	EndGlobalSection
EndGlobal
